
Microsoft Visual Studio Solution File, Format Version 12.00
# Visual Studio Version 16
VisualStudioVersion = 16.0.31702.278
MinimumVisualStudioVersion = 10.0.40219.1
Project("{9A19103F-16F7-4668-BE54-9A1E7A4F7556}") = "SC.DevChallenge.Api", "SC.DevChallenge.Api\SC.DevChallenge.Api.csproj", "{487526EC-C740-4971-ADD9-8D0457C33950}"
EndProject
Project("{9A19103F-16F7-4668-BE54-9A1E7A4F7556}") = "SC.DevChallenge.DataLayer", "SC.DevChallenge.DataLayer\SC.DevChallenge.DataLayer.csproj", "{12F71D63-E26E-4D77-8000-6E622DC3335F}"
EndProject
Project("{9A19103F-16F7-4668-BE54-9A1E7A4F7556}") = "SC.DevChallenge.Tests", "SC.DevChallenge.Tests\SC.DevChallenge.Tests.csproj", "{30EEC5C4-D543-41F3-B8A8-E05A05D1859B}"
EndProject
Global
	GlobalSection(SolutionConfigurationPlatforms) = preSolution
		Debug|Any CPU = Debug|Any CPU
		Release|Any CPU = Release|Any CPU
	EndGlobalSection
	GlobalSection(ProjectConfigurationPlatforms) = postSolution
		{487526EC-C740-4971-ADD9-8D0457C33950}.Debug|Any CPU.ActiveCfg = Debug|Any CPU
		{487526EC-C740-4971-ADD9-8D0457C33950}.Debug|Any CPU.Build.0 = Debug|Any CPU
		{487526EC-C740-4971-ADD9-8D0457C33950}.Release|Any CPU.ActiveCfg = Release|Any CPU
		{487526EC-C740-4971-ADD9-8D0457C33950}.Release|Any CPU.Build.0 = Release|Any CPU
		{12F71D63-E26E-4D77-8000-6E622DC3335F}.Debug|Any CPU.ActiveCfg = Debug|Any CPU
		{12F71D63-E26E-4D77-8000-6E622DC3335F}.Debug|Any CPU.Build.0 = Debug|Any CPU
		{12F71D63-E26E-4D77-8000-6E622DC3335F}.Release|Any CPU.ActiveCfg = Release|Any CPU
		{12F71D63-E26E-4D77-8000-6E622DC3335F}.Release|Any CPU.Build.0 = Release|Any CPU
		{30EEC5C4-D543-41F3-B8A8-E05A05D1859B}.Debug|Any CPU.ActiveCfg = Debug|Any CPU
		{30EEC5C4-D543-41F3-B8A8-E05A05D1859B}.Debug|Any CPU.Build.0 = Debug|Any CPU
		{30EEC5C4-D543-41F3-B8A8-E05A05D1859B}.Release|Any CPU.ActiveCfg = Release|Any CPU
		{30EEC5C4-D543-41F3-B8A8-E05A05D1859B}.Release|Any CPU.Build.0 = Release|Any CPU
	EndGlobalSection
	GlobalSection(SolutionProperties) = preSolution
		HideSolutionNode = FALSE
	EndGlobalSection
	GlobalSection(ExtensibilityGlobals) = postSolution
		SolutionGuid = {B7E4C0BD-ABC9-4301-BE84-60F9AFFF54D5}
	EndGlobalSection
EndGlobal
